
Microsoft Visual Studio Solution File, Format Version 12.00
# Visual Studio Version 17
VisualStudioVersion = 17.6.33815.320
MinimumVisualStudioVersion = 10.0.40219.1
Project("{9A19103F-16F7-4668-BE54-9A1E7A4F7556}") = "Api_Dapper_Postgrade", "Api_Dapper_Postgrade\Api_Dapper_Postgrade.csproj", "{279AF352-F0E1-41EE-8095-F7730A3326EF}"
EndProject
Project("{FAE04EC0-301F-11D3-BF4B-00C04F79EFBC}") = "BoardGamesTesting", "BoardGamesTesting\BoardGamesTesting.csproj", "{6E6BFE55-64B1-4F16-B775-112BA7A59B1C}"
EndProject
Global
	GlobalSection(SolutionConfigurationPlatforms) = preSolution
		Debug|Any CPU = Debug|Any CPU
		Release|Any CPU = Release|Any CPU
	EndGlobalSection
	GlobalSection(ProjectConfigurationPlatforms) = postSolution
		{279AF352-F0E1-41EE-8095-F7730A3326EF}.Debug|Any CPU.ActiveCfg = Debug|Any CPU
		{279AF352-F0E1-41EE-8095-F7730A3326EF}.Debug|Any CPU.Build.0 = Debug|Any CPU
		{279AF352-F0E1-41EE-8095-F7730A3326EF}.Release|Any CPU.ActiveCfg = Release|Any CPU
		{279AF352-F0E1-41EE-8095-F7730A3326EF}.Release|Any CPU.Build.0 = Release|Any CPU
		{6E6BFE55-64B1-4F16-B775-112BA7A59B1C}.Debug|Any CPU.ActiveCfg = Debug|Any CPU
		{6E6BFE55-64B1-4F16-B775-112BA7A59B1C}.Debug|Any CPU.Build.0 = Debug|Any CPU
		{6E6BFE55-64B1-4F16-B775-112BA7A59B1C}.Release|Any CPU.ActiveCfg = Release|Any CPU
		{6E6BFE55-64B1-4F16-B775-112BA7A59B1C}.Release|Any CPU.Build.0 = Release|Any CPU
	EndGlobalSection
	GlobalSection(SolutionProperties) = preSolution
		HideSolutionNode = FALSE
	EndGlobalSection
	GlobalSection(ExtensibilityGlobals) = postSolution
		SolutionGuid = {837ABD7F-D222-4B4D-B3F6-695ABED37A7F}
	EndGlobalSection
EndGlobal
